
Microsoft Visual Studio Solution File, Format Version 12.00
Project("{2150E333-8FDC-42A3-9474-1A3956D46DE8}") = "src", "src", "{101139C5-2528-4FC9-BB00-1DF503560BBD}"
EndProject
Project("{2150E333-8FDC-42A3-9474-1A3956D46DE8}") = "test", "test", "{830F3B4D-F14B-497B-91A7-ADB133B5BCDD}"
EndProject
Project("{FAE04EC0-301F-11D3-BF4B-00C04F79EFBC}") = "Chainify.Core", "src\Chainify.Core\Chainify.Core.csproj", "{9A253F2F-4272-4472-83A6-03C6E94DA7B3}"
EndProject
Project("{FAE04EC0-301F-11D3-BF4B-00C04F79EFBC}") = "Chainify.Core.UnitTests", "test\Chainify.Core.UnitTests\Chainify.Core.UnitTests.csproj", "{EA4BFDA1-DACA-4417-9D14-FBC85DA1148A}"
EndProject
Project("{FAE04EC0-301F-11D3-BF4B-00C04F79EFBC}") = "Chainify.Synchronous", "src\Chainify.Synchronous\Chainify.Synchronous.csproj", "{7501BB73-4482-4B81-9596-5F150E5D88C7}"
EndProject
Project("{FAE04EC0-301F-11D3-BF4B-00C04F79EFBC}") = "Chainify.Synchronous.UnitTests", "test\Chainify.Synchronous.UnitTests\Chainify.Synchronous.UnitTests.csproj", "{244BBB12-9CEF-4156-8895-1271120CDF53}"
EndProject
Global
	GlobalSection(SolutionConfigurationPlatforms) = preSolution
		Debug|Any CPU = Debug|Any CPU
		Release|Any CPU = Release|Any CPU
	EndGlobalSection
	GlobalSection(ProjectConfigurationPlatforms) = postSolution
		{9A253F2F-4272-4472-83A6-03C6E94DA7B3}.Debug|Any CPU.ActiveCfg = Debug|Any CPU
		{9A253F2F-4272-4472-83A6-03C6E94DA7B3}.Debug|Any CPU.Build.0 = Debug|Any CPU
		{9A253F2F-4272-4472-83A6-03C6E94DA7B3}.Release|Any CPU.ActiveCfg = Release|Any CPU
		{9A253F2F-4272-4472-83A6-03C6E94DA7B3}.Release|Any CPU.Build.0 = Release|Any CPU
		{EA4BFDA1-DACA-4417-9D14-FBC85DA1148A}.Debug|Any CPU.ActiveCfg = Debug|Any CPU
		{EA4BFDA1-DACA-4417-9D14-FBC85DA1148A}.Debug|Any CPU.Build.0 = Debug|Any CPU
		{EA4BFDA1-DACA-4417-9D14-FBC85DA1148A}.Release|Any CPU.ActiveCfg = Release|Any CPU
		{EA4BFDA1-DACA-4417-9D14-FBC85DA1148A}.Release|Any CPU.Build.0 = Release|Any CPU
		{7501BB73-4482-4B81-9596-5F150E5D88C7}.Debug|Any CPU.ActiveCfg = Debug|Any CPU
		{7501BB73-4482-4B81-9596-5F150E5D88C7}.Debug|Any CPU.Build.0 = Debug|Any CPU
		{7501BB73-4482-4B81-9596-5F150E5D88C7}.Release|Any CPU.ActiveCfg = Release|Any CPU
		{7501BB73-4482-4B81-9596-5F150E5D88C7}.Release|Any CPU.Build.0 = Release|Any CPU
		{244BBB12-9CEF-4156-8895-1271120CDF53}.Debug|Any CPU.ActiveCfg = Debug|Any CPU
		{244BBB12-9CEF-4156-8895-1271120CDF53}.Debug|Any CPU.Build.0 = Debug|Any CPU
		{244BBB12-9CEF-4156-8895-1271120CDF53}.Release|Any CPU.ActiveCfg = Release|Any CPU
		{244BBB12-9CEF-4156-8895-1271120CDF53}.Release|Any CPU.Build.0 = Release|Any CPU
	EndGlobalSection
	GlobalSection(NestedProjects) = preSolution
		{9A253F2F-4272-4472-83A6-03C6E94DA7B3} = {101139C5-2528-4FC9-BB00-1DF503560BBD}
		{EA4BFDA1-DACA-4417-9D14-FBC85DA1148A} = {830F3B4D-F14B-497B-91A7-ADB133B5BCDD}
		{7501BB73-4482-4B81-9596-5F150E5D88C7} = {101139C5-2528-4FC9-BB00-1DF503560BBD}
		{244BBB12-9CEF-4156-8895-1271120CDF53} = {830F3B4D-F14B-497B-91A7-ADB133B5BCDD}
	EndGlobalSection
EndGlobal
